
Microsoft Visual Studio Solution File, Format Version 11.00
# Visual Studio 2010
# SharpDevelop 4.2.0.8774-RC
Project("{FAE04EC0-301F-11D3-BF4B-00C04F79EFBC}") = "XMLLibraryBuilder", "LibraryBuilder\XMLLibraryBuilder.csproj", "{2CA03C3F-AC4F-4B1B-B02F-99941CCCF4F8}"
EndProject
Project("{FAE04EC0-301F-11D3-BF4B-00C04F79EFBC}") = "EmbeddedLibraryBuilder", "EmbeddedLibraryBuilder\EmbeddedLibraryBuilder.csproj", "{1D7666F3-80A3-4876-8A45-1FC2A42C4F91}"
EndProject
Global
	GlobalSection(SolutionConfigurationPlatforms) = preSolution
		Debug|x86 = Debug|x86
		Release|x86 = Release|x86
		Debug|Any CPU = Debug|Any CPU
		Release|Any CPU = Release|Any CPU
	EndGlobalSection
	GlobalSection(ProjectConfigurationPlatforms) = postSolution
		{2CA03C3F-AC4F-4B1B-B02F-99941CCCF4F8}.Debug|x86.ActiveCfg = Debug|x86
		{2CA03C3F-AC4F-4B1B-B02F-99941CCCF4F8}.Debug|x86.Build.0 = Debug|x86
		{2CA03C3F-AC4F-4B1B-B02F-99941CCCF4F8}.Release|x86.ActiveCfg = Release|x86
		{2CA03C3F-AC4F-4B1B-B02F-99941CCCF4F8}.Release|x86.Build.0 = Release|x86
		{1D7666F3-80A3-4876-8A45-1FC2A42C4F91}.Debug|x86.Build.0 = Debug|x86
		{1D7666F3-80A3-4876-8A45-1FC2A42C4F91}.Debug|x86.ActiveCfg = Debug|x86
		{1D7666F3-80A3-4876-8A45-1FC2A42C4F91}.Release|x86.Build.0 = Release|x86
		{1D7666F3-80A3-4876-8A45-1FC2A42C4F91}.Release|x86.ActiveCfg = Release|x86
		{2CA03C3F-AC4F-4B1B-B02F-99941CCCF4F8}.Debug|Any CPU.Build.0 = Debug|Any CPU
		{2CA03C3F-AC4F-4B1B-B02F-99941CCCF4F8}.Debug|Any CPU.ActiveCfg = Debug|Any CPU
		{2CA03C3F-AC4F-4B1B-B02F-99941CCCF4F8}.Release|Any CPU.Build.0 = Release|Any CPU
		{2CA03C3F-AC4F-4B1B-B02F-99941CCCF4F8}.Release|Any CPU.ActiveCfg = Release|Any CPU
	EndGlobalSection
	GlobalSection(MonoDevelopProperties) = preSolution
		StartupItem = LibraryBuilder\LibraryBuilder.csproj
	EndGlobalSection
EndGlobal
